<?xml version="1.0" encoding="utf-8"?>
<Project ToolsVersion="4.0" xmlns="http://schemas.microsoft.com/developer/msbuild/2003">
  <ItemGroup>
    <ClCompile Include="3DClasses\BaseObject3D.cpp" />
    <ClCompile Include="3DClasses\Vertex.cpp" />
    <ClCompile Include="d3dApp.cpp" />
    <ClCompile Include="DirectInput.cpp" />
    <ClCompile Include="GfxStats.cpp" />
    <ClCompile Include="SkeletonClass.cpp" />
    <ClCompile Include="Sphere.cpp">
      <Filter>Primitives</Filter>
    </ClCompile>
    <ClCompile Include="Cylinder.cpp">
      <Filter>Primitives</Filter>
    </ClCompile>
  </ItemGroup>
  <ItemGroup>
    <ClInclude Include="3DClasses\BaseObject3D.h" />
    <ClInclude Include="3DClasses\Vertex.h" />
    <ClInclude Include="d3dApp.h" />
    <ClInclude Include="d3dUtil.h" />
    <ClInclude Include="DirectInput.h" />
    <ClInclude Include="GfxStats.h" />
    <ClInclude Include="SkeletonClass.h" />
    <ClInclude Include="Sphere.h">
      <Filter>Primitives</Filter>
    </ClInclude>
    <ClInclude Include="Cylinder.h">
      <Filter>Primitives</Filter>
    </ClInclude>
  </ItemGroup>
  <ItemGroup>
    <Filter Include="Primitives">
      <UniqueIdentifier>{1788bbc7-6693-441f-a1be-a2bed9e56dc3}</UniqueIdentifier>
    </Filter>
  </ItemGroup>
</Project>